{
    "_meta": {
        "hash": {
            "sha256": "e0da612edc75a07b522d7d6d4729dfac6ab5b7cb6de8f413e1bbc8403ade3dea"
        },
        "pipfile-spec": 6,
        "requires": {
            "python_version": "3.9"
        },
        "sources": [
            {
                "name": "pypi",
                "url": "https://pypi.org/simple",
                "verify_ssl": true
            }
        ]
    },
    "default": {
        "sh": {
            "hashes": [
                "sha256:14265a4cd1622429edcf300292ec98193530fb143fe642b3437024eca9bee8c5",
                "sha256:a18920f0839991bc9dfddb6dcc006c360b1064ba96257359f0ea356e9fa75a60"
            ],
            "index": "pypi",
            "version": "==2.0.4"
        }
    },
    "develop": {}
}
