{
    "_meta": {
        "hash": {
            "sha256": "409e0854c88a541b4dfa7aeb6871c41544e3a6178375a9bb3b3d900b4e40d058"
        },
        "pipfile-spec": 6,
        "requires": {
            "python_version": "3.12"
        },
        "sources": [
            {
                "name": "pypi",
                "url": "https://pypi.org/simple",
                "verify_ssl": true
            }
        ]
    },
    "default": {
        "sh": {
            "hashes": [
                "sha256:029d45198902bfb967391eccfd13a88d92f7cebd200411e93f99ebacc6afbb35",
                "sha256:2f2f79a65abd00696cf2e9ad26508cf8abb6dba5745f40255f1c0ded2876926d"
            ],
            "index": "pypi",
            "markers": "python_version < '4.0' and python_full_version >= '3.8.1'",
            "version": "==2.0.7"
        }
    },
    "develop": {}
}
